// !$*UTF8*$!
{
	archiveVersion = 1;
	classes = {
	};
	objectVersion = 46;
	objects = {

/* Begin PBXBuildFile section */
		249DB423A9B0E0F2D33849DC /* Pods_DouYu.framework in Frameworks */ = {isa = PBXBuildFile; fileRef = B680077163788C423E4C984F /* Pods_DouYu.framework */; };
		CB2153EA1E1CDA2C006BAC1B /* YYLHomeCollectionViewCell.swift in Sources */ = {isa = PBXBuildFile; fileRef = CB2153E91E1CDA2C006BAC1B /* YYLHomeCollectionViewCell.swift */; };
		CB2153F51E1CF993006BAC1B /* CAPSPageMenu.swift in Sources */ = {isa = PBXBuildFile; fileRef = CB2153F41E1CF993006BAC1B /* CAPSPageMenu.swift */; };
		CB2995241E3094550028112B /* YYLHistoryViewController.swift in Sources */ = {isa = PBXBuildFile; fileRef = CB2995201E3094550028112B /* YYLHistoryViewController.swift */; };
		CB46110F1E1DE00F00603C27 /* UIView+Positioning.swift in Sources */ = {isa = PBXBuildFile; fileRef = CB46110E1E1DE00F00603C27 /* UIView+Positioning.swift */; };
		CB4611111E1DF57300603C27 /* YYLHomeClassfiyViewController.swift in Sources */ = {isa = PBXBuildFile; fileRef = CB4611101E1DF57300603C27 /* YYLHomeClassfiyViewController.swift */; };
		CB9252961E4D8DEA009562CD /* YYLLivingHeadView.swift in Sources */ = {isa = PBXBuildFile; fileRef = CB9252951E4D8DEA009562CD /* YYLLivingHeadView.swift */; };
		CB9252981E4DAB1A009562CD /* YYLShowAllHeadView.swift in Sources */ = {isa = PBXBuildFile; fileRef = CB9252971E4DAB1A009562CD /* YYLShowAllHeadView.swift */; };
		CB9310B31E35DB7B00CC5D6F /* YYLHistorySubViewsViewController.swift in Sources */ = {isa = PBXBuildFile; fileRef = CB9310B21E35DB7B00CC5D6F /* YYLHistorySubViewsViewController.swift */; };
		CB9877981E1B7D84009A6F2D /* AppDelegate.swift in Sources */ = {isa = PBXBuildFile; fileRef = CB9877971E1B7D84009A6F2D /* AppDelegate.swift */; };
		CB98779D1E1B7D84009A6F2D /* Main.storyboard in Resources */ = {isa = PBXBuildFile; fileRef = CB98779B1E1B7D84009A6F2D /* Main.storyboard */; };
		CB98779F1E1B7D84009A6F2D /* Assets.xcassets in Resources */ = {isa = PBXBuildFile; fileRef = CB98779E1E1B7D84009A6F2D /* Assets.xcassets */; };
		CB9877A21E1B7D84009A6F2D /* LaunchScreen.storyboard in Resources */ = {isa = PBXBuildFile; fileRef = CB9877A01E1B7D84009A6F2D /* LaunchScreen.storyboard */; };
		CB9877AD1E1B7D84009A6F2D /* DouYuTests.swift in Sources */ = {isa = PBXBuildFile; fileRef = CB9877AC1E1B7D84009A6F2D /* DouYuTests.swift */; };
		CB9877B81E1B7D84009A6F2D /* DouYuUITests.swift in Sources */ = {isa = PBXBuildFile; fileRef = CB9877B71E1B7D84009A6F2D /* DouYuUITests.swift */; };
		CB9877E31E1B8182009A6F2D /* YYLBaseBarController.swift in Sources */ = {isa = PBXBuildFile; fileRef = CB9877E21E1B8182009A6F2D /* YYLBaseBarController.swift */; };
		CB9877E81E1B81FE009A6F2D /* YYLViewController.swift in Sources */ = {isa = PBXBuildFile; fileRef = CB9877E71E1B81FE009A6F2D /* YYLViewController.swift */; };
		CB9877EA1E1B8264009A6F2D /* YYLMineViewController.swift in Sources */ = {isa = PBXBuildFile; fileRef = CB9877E91E1B8264009A6F2D /* YYLMineViewController.swift */; };
		CB9877EC1E1B8281009A6F2D /* YYLAttentionViewController.swift in Sources */ = {isa = PBXBuildFile; fileRef = CB9877EB1E1B8281009A6F2D /* YYLAttentionViewController.swift */; };
		CB9877EE1E1B8293009A6F2D /* YYLVideoViewController.swift in Sources */ = {isa = PBXBuildFile; fileRef = CB9877ED1E1B8293009A6F2D /* YYLVideoViewController.swift */; };
		CB9877F01E1B82A7009A6F2D /* YYLLivingViewController.swift in Sources */ = {isa = PBXBuildFile; fileRef = CB9877EF1E1B82A7009A6F2D /* YYLLivingViewController.swift */; };
		CB9877F21E1B82B7009A6F2D /* YYLHomeViewController.swift in Sources */ = {isa = PBXBuildFile; fileRef = CB9877F11E1B82B7009A6F2D /* YYLHomeViewController.swift */; };
		CB9877F41E1B8D8E009A6F2D /* YYLNavigationViewController.swift in Sources */ = {isa = PBXBuildFile; fileRef = CB9877F31E1B8D8E009A6F2D /* YYLNavigationViewController.swift */; };
		CB9877F61E1B9EB1009A6F2D /* DouYuTV.swift in Sources */ = {isa = PBXBuildFile; fileRef = CB9877F51E1B9EB1009A6F2D /* DouYuTV.swift */; };
		CB9C66511E30C49F0038DD34 /* YYLCollectionView.swift in Sources */ = {isa = PBXBuildFile; fileRef = CB9C66501E30C49F0038DD34 /* YYLCollectionView.swift */; };
		CB9CBE0E1E3732EA00783974 /* YYLLivingClassfiyViewController.swift in Sources */ = {isa = PBXBuildFile; fileRef = CB9CBE0D1E3732EA00783974 /* YYLLivingClassfiyViewController.swift */; };
		CB9F07A51E26114A001B0E48 /* LLCycleScrollView.swift in Sources */ = {isa = PBXBuildFile; fileRef = CB9F079E1E26114A001B0E48 /* LLCycleScrollView.swift */; };
		CB9F07A61E26114A001B0E48 /* LLCycleScrollViewCell.swift in Sources */ = {isa = PBXBuildFile; fileRef = CB9F079F1E26114A001B0E48 /* LLCycleScrollViewCell.swift */; };
		CB9F07A71E26114A001B0E48 /* LLFilledPageControl.swift in Sources */ = {isa = PBXBuildFile; fileRef = CB9F07A01E26114A001B0E48 /* LLFilledPageControl.swift */; };
		CB9F07A81E26114A001B0E48 /* LLPillPageControl.swift in Sources */ = {isa = PBXBuildFile; fileRef = CB9F07A11E26114A001B0E48 /* LLPillPageControl.swift */; };
		CB9F07A91E26114A001B0E48 /* LLSnakePageControl.swift in Sources */ = {isa = PBXBuildFile; fileRef = CB9F07A21E26114A001B0E48 /* LLSnakePageControl.swift */; };
		CB9F07AA1E26114A001B0E48 /* LLViewExtensions.swift in Sources */ = {isa = PBXBuildFile; fileRef = CB9F07A31E26114A001B0E48 /* LLViewExtensions.swift */; };
		CB9F07AB1E26114A001B0E48 /* LLCycleScrollView.bundle in Resources */ = {isa = PBXBuildFile; fileRef = CB9F07A41E26114A001B0E48 /* LLCycleScrollView.bundle */; };
		CB9F07AF1E26210A001B0E48 /* YYLPageCountView.swift in Sources */ = {isa = PBXBuildFile; fileRef = CB9F07AE1E26210A001B0E48 /* YYLPageCountView.swift */; };
		CBB326961E2DB14D00DCECD4 /* YYLCustomCycleView.swift in Sources */ = {isa = PBXBuildFile; fileRef = CBB326951E2DB14D00DCECD4 /* YYLCustomCycleView.swift */; };
		CBB326981E2DB16600DCECD4 /* YYLCycleCollectionViewCell.swift in Sources */ = {isa = PBXBuildFile; fileRef = CBB326971E2DB16600DCECD4 /* YYLCycleCollectionViewCell.swift */; };
		CBD2B6AD1E31AEBC00B17E76 /* YYLMenuView.swift in Sources */ = {isa = PBXBuildFile; fileRef = CBD2B6A91E31AEBC00B17E76 /* YYLMenuView.swift */; };
		CBD2B6AF1E31AED600B17E76 /* YYLMenuTableViewCell.swift in Sources */ = {isa = PBXBuildFile; fileRef = CBD2B6AE1E31AED600B17E76 /* YYLMenuTableViewCell.swift */; };
		CBE0BEAB1E24B922007D0307 /* UIColor+hexColor.swift in Sources */ = {isa = PBXBuildFile; fileRef = CBE0BEAA1E24B922007D0307 /* UIColor+hexColor.swift */; };
		CBE0BEAD1E24C047007D0307 /* YYLCollectHeadView.swift in Sources */ = {isa = PBXBuildFile; fileRef = CBE0BEAC1E24C047007D0307 /* YYLCollectHeadView.swift */; };
		CBE0BEAF1E24CB60007D0307 /* YYLRecommedHeadView.swift in Sources */ = {isa = PBXBuildFile; fileRef = CBE0BEAE1E24CB60007D0307 /* YYLRecommedHeadView.swift */; };
		CBE0BEB11E24CB82007D0307 /* YYLClassifyHeadView.swift in Sources */ = {isa = PBXBuildFile; fileRef = CBE0BEB01E24CB82007D0307 /* YYLClassifyHeadView.swift */; };
		CBE0BEBA1E24D13B007D0307 /* FilledPageControl.swift in Sources */ = {isa = PBXBuildFile; fileRef = CBE0BEB51E24D13B007D0307 /* FilledPageControl.swift */; };
		CBE0BEBB1E24D13B007D0307 /* PillPageControl.swift in Sources */ = {isa = PBXBuildFile; fileRef = CBE0BEB61E24D13B007D0307 /* PillPageControl.swift */; };
		CBE0BEBC1E24D13B007D0307 /* ScrollingPageControl.swift in Sources */ = {isa = PBXBuildFile; fileRef = CBE0BEB71E24D13B007D0307 /* ScrollingPageControl.swift */; };
		CBE0BEBD1E24D13B007D0307 /* SnakePageControl.swift in Sources */ = {isa = PBXBuildFile; fileRef = CBE0BEB81E24D13B007D0307 /* SnakePageControl.swift */; };
		CBE811B21E2C60C100738F66 /* YYLClassifyCollectionViewCell.swift in Sources */ = {isa = PBXBuildFile; fileRef = CBE811B11E2C60C100738F66 /* YYLClassifyCollectionViewCell.swift */; };
/* End PBXBuildFile section */

/* Begin PBXContainerItemProxy section */
		CB9877A91E1B7D84009A6F2D /* PBXContainerItemProxy */ = {
			isa = PBXContainerItemProxy;
			containerPortal = CB98778C1E1B7D84009A6F2D /* Project object */;
			proxyType = 1;
			remoteGlobalIDString = CB9877931E1B7D84009A6F2D;
			remoteInfo = DouYu;
		};
		CB9877B41E1B7D84009A6F2D /* PBXContainerItemProxy */ = {
			isa = PBXContainerItemProxy;
			containerPortal = CB98778C1E1B7D84009A6F2D /* Project object */;
			proxyType = 1;
			remoteGlobalIDString = CB9877931E1B7D84009A6F2D;
			remoteInfo = DouYu;
		};
/* End PBXContainerItemProxy section */

/* Begin PBXFileReference section */
		5458C0A29139A9A796B3483B /* Pods-DouYu.release.xcconfig */ = {isa = PBXFileReference; includeInIndex = 1; lastKnownFileType = text.xcconfig; name = "Pods-DouYu.release.xcconfig"; path = "Pods/Target Support Files/Pods-DouYu/Pods-DouYu.release.xcconfig"; sourceTree = "<group>"; };
		ABCF0488FA6FE6D1E5BE4211 /* Pods-DouYu.debug.xcconfig */ = {isa = PBXFileReference; includeInIndex = 1; lastKnownFileType = text.xcconfig; name = "Pods-DouYu.debug.xcconfig"; path = "Pods/Target Support Files/Pods-DouYu/Pods-DouYu.debug.xcconfig"; sourceTree = "<group>"; };
		B680077163788C423E4C984F /* Pods_DouYu.framework */ = {isa = PBXFileReference; explicitFileType = wrapper.framework; includeInIndex = 0; path = Pods_DouYu.framework; sourceTree = BUILT_PRODUCTS_DIR; };
		CB2153E91E1CDA2C006BAC1B /* YYLHomeCollectionViewCell.swift */ = {isa = PBXFileReference; fileEncoding = 4; lastKnownFileType = sourcecode.swift; path = YYLHomeCollectionViewCell.swift; sourceTree = "<group>"; };
		CB2153F41E1CF993006BAC1B /* CAPSPageMenu.swift */ = {isa = PBXFileReference; fileEncoding = 4; lastKnownFileType = sourcecode.swift; name = CAPSPageMenu.swift; path = ../CAPSPageMenu.swift; sourceTree = "<group>"; };
		CB2995201E3094550028112B /* YYLHistoryViewController.swift */ = {isa = PBXFileReference; fileEncoding = 4; lastKnownFileType = sourcecode.swift; path = YYLHistoryViewController.swift; sourceTree = "<group>"; };
		CB46110E1E1DE00F00603C27 /* UIView+Positioning.swift */ = {isa = PBXFileReference; fileEncoding = 4; lastKnownFileType = sourcecode.swift; path = "UIView+Positioning.swift"; sourceTree = "<group>"; };
		CB4611101E1DF57300603C27 /* YYLHomeClassfiyViewController.swift */ = {isa = PBXFileReference; fileEncoding = 4; lastKnownFileType = sourcecode.swift; path = YYLHomeClassfiyViewController.swift; sourceTree = "<group>"; };
		CB9252951E4D8DEA009562CD /* YYLLivingHeadView.swift */ = {isa = PBXFileReference; fileEncoding = 4; lastKnownFileType = sourcecode.swift; path = YYLLivingHeadView.swift; sourceTree = "<group>"; };
		CB9252971E4DAB1A009562CD /* YYLShowAllHeadView.swift */ = {isa = PBXFileReference; fileEncoding = 4; lastKnownFileType = sourcecode.swift; path = YYLShowAllHeadView.swift; sourceTree = "<group>"; };
		CB9310B21E35DB7B00CC5D6F /* YYLHistorySubViewsViewController.swift */ = {isa = PBXFileReference; fileEncoding = 4; lastKnownFileType = sourcecode.swift; path = YYLHistorySubViewsViewController.swift; sourceTree = "<group>"; };
		CB9877941E1B7D84009A6F2D /* DouYu.app */ = {isa = PBXFileReference; explicitFileType = wrapper.application; includeInIndex = 0; path = DouYu.app; sourceTree = BUILT_PRODUCTS_DIR; };
		CB9877971E1B7D84009A6F2D /* AppDelegate.swift */ = {isa = PBXFileReference; lastKnownFileType = sourcecode.swift; path = AppDelegate.swift; sourceTree = "<group>"; };
		CB98779C1E1B7D84009A6F2D /* Base */ = {isa = PBXFileReference; lastKnownFileType = file.storyboard; name = Base; path = Base.lproj/Main.storyboard; sourceTree = "<group>"; };
		CB98779E1E1B7D84009A6F2D /* Assets.xcassets */ = {isa = PBXFileReference; lastKnownFileType = folder.assetcatalog; path = Assets.xcassets; sourceTree = "<group>"; };
		CB9877A11E1B7D84009A6F2D /* Base */ = {isa = PBXFileReference; lastKnownFileType = file.storyboard; name = Base; path = Base.lproj/LaunchScreen.storyboard; sourceTree = "<group>"; };
		CB9877A31E1B7D84009A6F2D /* Info.plist */ = {isa = PBXFileReference; lastKnownFileType = text.plist.xml; path = Info.plist; sourceTree = "<group>"; };
		CB9877A81E1B7D84009A6F2D /* DouYuTests.xctest */ = {isa = PBXFileReference; explicitFileType = wrapper.cfbundle; includeInIndex = 0; path = DouYuTests.xctest; sourceTree = BUILT_PRODUCTS_DIR; };
		CB9877AC1E1B7D84009A6F2D /* DouYuTests.swift */ = {isa = PBXFileReference; lastKnownFileType = sourcecode.swift; path = DouYuTests.swift; sourceTree = "<group>"; };
		CB9877AE1E1B7D84009A6F2D /* Info.plist */ = {isa = PBXFileReference; lastKnownFileType = text.plist.xml; path = Info.plist; sourceTree = "<group>"; };
		CB9877B31E1B7D84009A6F2D /* DouYuUITests.xctest */ = {isa = PBXFileReference; explicitFileType = wrapper.cfbundle; includeInIndex = 0; path = DouYuUITests.xctest; sourceTree = BUILT_PRODUCTS_DIR; };
		CB9877B71E1B7D84009A6F2D /* DouYuUITests.swift */ = {isa = PBXFileReference; lastKnownFileType = sourcecode.swift; path = DouYuUITests.swift; sourceTree = "<group>"; };
		CB9877B91E1B7D84009A6F2D /* Info.plist */ = {isa = PBXFileReference; lastKnownFileType = text.plist.xml; path = Info.plist; sourceTree = "<group>"; };
		CB9877E21E1B8182009A6F2D /* YYLBaseBarController.swift */ = {isa = PBXFileReference; fileEncoding = 4; lastKnownFileType = sourcecode.swift; path = YYLBaseBarController.swift; sourceTree = "<group>"; };
		CB9877E71E1B81FE009A6F2D /* YYLViewController.swift */ = {isa = PBXFileReference; fileEncoding = 4; lastKnownFileType = sourcecode.swift; path = YYLViewController.swift; sourceTree = "<group>"; };
		CB9877E91E1B8264009A6F2D /* YYLMineViewController.swift */ = {isa = PBXFileReference; fileEncoding = 4; lastKnownFileType = sourcecode.swift; path = YYLMineViewController.swift; sourceTree = "<group>"; };
		CB9877EB1E1B8281009A6F2D /* YYLAttentionViewController.swift */ = {isa = PBXFileReference; fileEncoding = 4; lastKnownFileType = sourcecode.swift; path = YYLAttentionViewController.swift; sourceTree = "<group>"; };
		CB9877ED1E1B8293009A6F2D /* YYLVideoViewController.swift */ = {isa = PBXFileReference; fileEncoding = 4; lastKnownFileType = sourcecode.swift; path = YYLVideoViewController.swift; sourceTree = "<group>"; };
		CB9877EF1E1B82A7009A6F2D /* YYLLivingViewController.swift */ = {isa = PBXFileReference; fileEncoding = 4; lastKnownFileType = sourcecode.swift; path = YYLLivingViewController.swift; sourceTree = "<group>"; };
		CB9877F11E1B82B7009A6F2D /* YYLHomeViewController.swift */ = {isa = PBXFileReference; fileEncoding = 4; lastKnownFileType = sourcecode.swift; path = YYLHomeViewController.swift; sourceTree = "<group>"; };
		CB9877F31E1B8D8E009A6F2D /* YYLNavigationViewController.swift */ = {isa = PBXFileReference; fileEncoding = 4; lastKnownFileType = sourcecode.swift; path = YYLNavigationViewController.swift; sourceTree = "<group>"; };
		CB9877F51E1B9EB1009A6F2D /* DouYuTV.swift */ = {isa = PBXFileReference; fileEncoding = 4; lastKnownFileType = sourcecode.swift; path = DouYuTV.swift; sourceTree = "<group>"; };
		CB9C66501E30C49F0038DD34 /* YYLCollectionView.swift */ = {isa = PBXFileReference; fileEncoding = 4; lastKnownFileType = sourcecode.swift; path = YYLCollectionView.swift; sourceTree = "<group>"; };
		CB9CBE0D1E3732EA00783974 /* YYLLivingClassfiyViewController.swift */ = {isa = PBXFileReference; fileEncoding = 4; lastKnownFileType = sourcecode.swift; path = YYLLivingClassfiyViewController.swift; sourceTree = "<group>"; };
		CB9F079E1E26114A001B0E48 /* LLCycleScrollView.swift */ = {isa = PBXFileReference; fileEncoding = 4; lastKnownFileType = sourcecode.swift; path = LLCycleScrollView.swift; sourceTree = "<group>"; };
		CB9F079F1E26114A001B0E48 /* LLCycleScrollViewCell.swift */ = {isa = PBXFileReference; fileEncoding = 4; lastKnownFileType = sourcecode.swift; path = LLCycleScrollViewCell.swift; sourceTree = "<group>"; };
		CB9F07A01E26114A001B0E48 /* LLFilledPageControl.swift */ = {isa = PBXFileReference; fileEncoding = 4; lastKnownFileType = sourcecode.swift; path = LLFilledPageControl.swift; sourceTree = "<group>"; };
		CB9F07A11E26114A001B0E48 /* LLPillPageControl.swift */ = {isa = PBXFileReference; fileEncoding = 4; lastKnownFileType = sourcecode.swift; path = LLPillPageControl.swift; sourceTree = "<group>"; };
		CB9F07A21E26114A001B0E48 /* LLSnakePageControl.swift */ = {isa = PBXFileReference; fileEncoding = 4; lastKnownFileType = sourcecode.swift; path = LLSnakePageControl.swift; sourceTree = "<group>"; };
		CB9F07A31E26114A001B0E48 /* LLViewExtensions.swift */ = {isa = PBXFileReference; fileEncoding = 4; lastKnownFileType = sourcecode.swift; path = LLViewExtensions.swift; sourceTree = "<group>"; };
		CB9F07A41E26114A001B0E48 /* LLCycleScrollView.bundle */ = {isa = PBXFileReference; lastKnownFileType = "wrapper.plug-in"; path = LLCycleScrollView.bundle; sourceTree = "<group>"; };
		CB9F07AD1E26181F001B0E48 /* Bridging.h */ = {isa = PBXFileReference; fileEncoding = 4; lastKnownFileType = sourcecode.c.h; path = Bridging.h; sourceTree = "<group>"; };
		CB9F07AE1E26210A001B0E48 /* YYLPageCountView.swift */ = {isa = PBXFileReference; fileEncoding = 4; lastKnownFileType = sourcecode.swift; path = YYLPageCountView.swift; sourceTree = "<group>"; };
		CBB326951E2DB14D00DCECD4 /* YYLCustomCycleView.swift */ = {isa = PBXFileReference; fileEncoding = 4; lastKnownFileType = sourcecode.swift; path = YYLCustomCycleView.swift; sourceTree = "<group>"; };
		CBB326971E2DB16600DCECD4 /* YYLCycleCollectionViewCell.swift */ = {isa = PBXFileReference; fileEncoding = 4; lastKnownFileType = sourcecode.swift; path = YYLCycleCollectionViewCell.swift; sourceTree = "<group>"; };
		CBD2B6A91E31AEBC00B17E76 /* YYLMenuView.swift */ = {isa = PBXFileReference; fileEncoding = 4; lastKnownFileType = sourcecode.swift; path = YYLMenuView.swift; sourceTree = "<group>"; };
		CBD2B6AE1E31AED600B17E76 /* YYLMenuTableViewCell.swift */ = {isa = PBXFileReference; fileEncoding = 4; lastKnownFileType = sourcecode.swift; path = YYLMenuTableViewCell.swift; sourceTree = "<group>"; };
		CBE0BEAA1E24B922007D0307 /* UIColor+hexColor.swift */ = {isa = PBXFileReference; fileEncoding = 4; lastKnownFileType = sourcecode.swift; path = "UIColor+hexColor.swift"; sourceTree = "<group>"; };
		CBE0BEAC1E24C047007D0307 /* YYLCollectHeadView.swift */ = {isa = PBXFileReference; fileEncoding = 4; lastKnownFileType = sourcecode.swift; path = YYLCollectHeadView.swift; sourceTree = "<group>"; };
		CBE0BEAE1E24CB60007D0307 /* YYLRecommedHeadView.swift */ = {isa = PBXFileReference; fileEncoding = 4; lastKnownFileType = sourcecode.swift; path = YYLRecommedHeadView.swift; sourceTree = "<group>"; };
		CBE0BEB01E24CB82007D0307 /* YYLClassifyHeadView.swift */ = {isa = PBXFileReference; fileEncoding = 4; lastKnownFileType = sourcecode.swift; path = YYLClassifyHeadView.swift; sourceTree = "<group>"; };
		CBE0BEB51E24D13B007D0307 /* FilledPageControl.swift */ = {isa = PBXFileReference; fileEncoding = 4; lastKnownFileType = sourcecode.swift; path = FilledPageControl.swift; sourceTree = "<group>"; };
		CBE0BEB61E24D13B007D0307 /* PillPageControl.swift */ = {isa = PBXFileReference; fileEncoding = 4; lastKnownFileType = sourcecode.swift; path = PillPageControl.swift; sourceTree = "<group>"; };
		CBE0BEB71E24D13B007D0307 /* ScrollingPageControl.swift */ = {isa = PBXFileReference; fileEncoding = 4; lastKnownFileType = sourcecode.swift; path = ScrollingPageControl.swift; sourceTree = "<group>"; };
		CBE0BEB81E24D13B007D0307 /* SnakePageControl.swift */ = {isa = PBXFileReference; fileEncoding = 4; lastKnownFileType = sourcecode.swift; path = SnakePageControl.swift; sourceTree = "<group>"; };
		CBE811B11E2C60C100738F66 /* YYLClassifyCollectionViewCell.swift */ = {isa = PBXFileReference; fileEncoding = 4; lastKnownFileType = sourcecode.swift; path = YYLClassifyCollectionViewCell.swift; sourceTree = "<group>"; };
/* End PBXFileReference section */

/* Begin PBXFrameworksBuildPhase section */
		CB9877911E1B7D84009A6F2D /* Frameworks */ = {
			isa = PBXFrameworksBuildPhase;
			buildActionMask = 2147483647;
			files = (
				249DB423A9B0E0F2D33849DC /* Pods_DouYu.framework in Frameworks */,
			);
			runOnlyForDeploymentPostprocessing = 0;
		};
		CB9877A51E1B7D84009A6F2D /* Frameworks */ = {
			isa = PBXFrameworksBuildPhase;
			buildActionMask = 2147483647;
			files = (
			);
			runOnlyForDeploymentPostprocessing = 0;
		};
		CB9877B01E1B7D84009A6F2D /* Frameworks */ = {
			isa = PBXFrameworksBuildPhase;
			buildActionMask = 2147483647;
			files = (
			);
			runOnlyForDeploymentPostprocessing = 0;
		};
/* End PBXFrameworksBuildPhase section */

/* Begin PBXGroup section */
		03BE33AB828E190C0CEEF4E7 /* Pods */ = {
			isa = PBXGroup;
			children = (
				ABCF0488FA6FE6D1E5BE4211 /* Pods-DouYu.debug.xcconfig */,
				5458C0A29139A9A796B3483B /* Pods-DouYu.release.xcconfig */,
			);
			name = Pods;
			sourceTree = "<group>";
		};
		55F4F7E8AD88553C2B99040A /* Frameworks */ = {
			isa = PBXGroup;
			children = (
				B680077163788C423E4C984F /* Pods_DouYu.framework */,
			);
			name = Frameworks;
			sourceTree = "<group>";
		};
		CB29951E1E3094550028112B /* WatchHistory */ = {
			isa = PBXGroup;
			children = (
				CB29951F1E3094550028112B /* Controller */,
				CB2995211E3094550028112B /* Model */,
				CB2995221E3094550028112B /* View */,
				CB2995231E3094550028112B /* ViewModel */,
			);
			path = WatchHistory;
			sourceTree = "<group>";
		};
		CB29951F1E3094550028112B /* Controller */ = {
			isa = PBXGroup;
			children = (
				CB2995201E3094550028112B /* YYLHistoryViewController.swift */,
				CB9310B21E35DB7B00CC5D6F /* YYLHistorySubViewsViewController.swift */,
			);
			path = Controller;
			sourceTree = "<group>";
		};
		CB2995211E3094550028112B /* Model */ = {
			isa = PBXGroup;
			children = (
			);
			path = Model;
			sourceTree = "<group>";
		};
		CB2995221E3094550028112B /* View */ = {
			isa = PBXGroup;
			children = (
			);
			path = View;
			sourceTree = "<group>";
		};
		CB2995231E3094550028112B /* ViewModel */ = {
			isa = PBXGroup;
			children = (
			);
			path = ViewModel;
			sourceTree = "<group>";
		};
		CB46110B1E1DDFBC00603C27 /* Category */ = {
			isa = PBXGroup;
			children = (
				CB46110E1E1DE00F00603C27 /* UIView+Positioning.swift */,
				CBE0BEAA1E24B922007D0307 /* UIColor+hexColor.swift */,
			);
			path = Category;
			sourceTree = "<group>";
		};
		CB98778B1E1B7D84009A6F2D = {
			isa = PBXGroup;
			children = (
				CB9877961E1B7D84009A6F2D /* DouYu */,
				CB9877AB1E1B7D84009A6F2D /* DouYuTests */,
				CB9877B61E1B7D84009A6F2D /* DouYuUITests */,
				CB9877951E1B7D84009A6F2D /* Products */,
				03BE33AB828E190C0CEEF4E7 /* Pods */,
				55F4F7E8AD88553C2B99040A /* Frameworks */,
			);
			sourceTree = "<group>";
		};
		CB9877951E1B7D84009A6F2D /* Products */ = {
			isa = PBXGroup;
			children = (
				CB9877941E1B7D84009A6F2D /* DouYu.app */,
				CB9877A81E1B7D84009A6F2D /* DouYuTests.xctest */,
				CB9877B31E1B7D84009A6F2D /* DouYuUITests.xctest */,
			);
			name = Products;
			sourceTree = "<group>";
		};
		CB9877961E1B7D84009A6F2D /* DouYu */ = {
			isa = PBXGroup;
			children = (
				CB9F07AD1E26181F001B0E48 /* Bridging.h */,
				CB2153F41E1CF993006BAC1B /* CAPSPageMenu.swift */,
				CB9877F51E1B9EB1009A6F2D /* DouYuTV.swift */,
				CB9877971E1B7D84009A6F2D /* AppDelegate.swift */,
				CB98779B1E1B7D84009A6F2D /* Main.storyboard */,
				CB98779E1E1B7D84009A6F2D /* Assets.xcassets */,
				CB9877A01E1B7D84009A6F2D /* LaunchScreen.storyboard */,
				CB9877A31E1B7D84009A6F2D /* Info.plist */,
				CB9877E01E1B8136009A6F2D /* Base */,
				CB9877C51E1B7F2D009A6F2D /* Applation */,
			);
			path = DouYu;
			sourceTree = "<group>";
		};
		CB9877AB1E1B7D84009A6F2D /* DouYuTests */ = {
			isa = PBXGroup;
			children = (
				CB9877AC1E1B7D84009A6F2D /* DouYuTests.swift */,
				CB9877AE1E1B7D84009A6F2D /* Info.plist */,
			);
			path = DouYuTests;
			sourceTree = "<group>";
		};
		CB9877B61E1B7D84009A6F2D /* DouYuUITests */ = {
			isa = PBXGroup;
			children = (
				CB9877B71E1B7D84009A6F2D /* DouYuUITests.swift */,
				CB9877B91E1B7D84009A6F2D /* Info.plist */,
			);
			path = DouYuUITests;
			sourceTree = "<group>";
		};
		CB9877C51E1B7F2D009A6F2D /* Applation */ = {
			isa = PBXGroup;
			children = (
				CB9CBE081E3732C500783974 /* LivingClassfiyDetail */,
				CB29951E1E3094550028112B /* WatchHistory */,
				CB9877D51E1B7F2D009A6F2D /* Mine */,
				CB9877C61E1B7F2D009A6F2D /* Attention */,
				CB9877DA1E1B7F2D009A6F2D /* Video */,
				CB9877D01E1B7F2D009A6F2D /* Living */,
				CB9877CB1E1B7F2D009A6F2D /* Home */,
			);
			path = Applation;
			sourceTree = "<group>";
		};
		CB9877C61E1B7F2D009A6F2D /* Attention */ = {
			isa = PBXGroup;
			children = (
				CB9877C71E1B7F2D009A6F2D /* Controller */,
				CB9877C81E1B7F2D009A6F2D /* Model */,
				CB9877C91E1B7F2D009A6F2D /* View */,
				CB9877CA1E1B7F2D009A6F2D /* ViewModel */,
			);
			path = Attention;
			sourceTree = "<group>";
		};
		CB9877C71E1B7F2D009A6F2D /* Controller */ = {
			isa = PBXGroup;
			children = (
				CB9877EB1E1B8281009A6F2D /* YYLAttentionViewController.swift */,
			);
			path = Controller;
			sourceTree = "<group>";
		};
		CB9877C81E1B7F2D009A6F2D /* Model */ = {
			isa = PBXGroup;
			children = (
			);
			path = Model;
			sourceTree = "<group>";
		};
		CB9877C91E1B7F2D009A6F2D /* View */ = {
			isa = PBXGroup;
			children = (
			);
			path = View;
			sourceTree = "<group>";
		};
		CB9877CA1E1B7F2D009A6F2D /* ViewModel */ = {
			isa = PBXGroup;
			children = (
			);
			path = ViewModel;
			sourceTree = "<group>";
		};
		CB9877CB1E1B7F2D009A6F2D /* Home */ = {
			isa = PBXGroup;
			children = (
				CB9877CC1E1B7F2D009A6F2D /* Controller */,
				CB9877CD1E1B7F2D009A6F2D /* Model */,
				CB9877CE1E1B7F2D009A6F2D /* View */,
				CB9877CF1E1B7F2D009A6F2D /* ViewModel */,
			);
			path = Home;
			sourceTree = "<group>";
		};
		CB9877CC1E1B7F2D009A6F2D /* Controller */ = {
			isa = PBXGroup;
			children = (
				CB9877F11E1B82B7009A6F2D /* YYLHomeViewController.swift */,
				CB4611101E1DF57300603C27 /* YYLHomeClassfiyViewController.swift */,
			);
			path = Controller;
			sourceTree = "<group>";
		};
		CB9877CD1E1B7F2D009A6F2D /* Model */ = {
			isa = PBXGroup;
			children = (
			);
			path = Model;
			sourceTree = "<group>";
		};
		CB9877CE1E1B7F2D009A6F2D /* View */ = {
			isa = PBXGroup;
			children = (
				CB2153E91E1CDA2C006BAC1B /* YYLHomeCollectionViewCell.swift */,
				CBE0BEAC1E24C047007D0307 /* YYLCollectHeadView.swift */,
				CBE0BEAE1E24CB60007D0307 /* YYLRecommedHeadView.swift */,
				CBE0BEB01E24CB82007D0307 /* YYLClassifyHeadView.swift */,
				CBE811B11E2C60C100738F66 /* YYLClassifyCollectionViewCell.swift */,
			);
			path = View;
			sourceTree = "<group>";
		};
		CB9877CF1E1B7F2D009A6F2D /* ViewModel */ = {
			isa = PBXGroup;
			children = (
			);
			path = ViewModel;
			sourceTree = "<group>";
		};
		CB9877D01E1B7F2D009A6F2D /* Living */ = {
			isa = PBXGroup;
			children = (
				CB9877D11E1B7F2D009A6F2D /* Controller */,
				CB9877D21E1B7F2D009A6F2D /* Model */,
				CB9877D31E1B7F2D009A6F2D /* View */,
				CB9877D41E1B7F2D009A6F2D /* ViewModel */,
			);
			path = Living;
			sourceTree = "<group>";
		};
		CB9877D11E1B7F2D009A6F2D /* Controller */ = {
			isa = PBXGroup;
			children = (
				CB9877EF1E1B82A7009A6F2D /* YYLLivingViewController.swift */,
			);
			path = Controller;
			sourceTree = "<group>";
		};
		CB9877D21E1B7F2D009A6F2D /* Model */ = {
			isa = PBXGroup;
			children = (
			);
			path = Model;
			sourceTree = "<group>";
		};
		CB9877D31E1B7F2D009A6F2D /* View */ = {
			isa = PBXGroup;
			children = (
			);
			path = View;
			sourceTree = "<group>";
		};
		CB9877D41E1B7F2D009A6F2D /* ViewModel */ = {
			isa = PBXGroup;
			children = (
			);
			path = ViewModel;
			sourceTree = "<group>";
		};
		CB9877D51E1B7F2D009A6F2D /* Mine */ = {
			isa = PBXGroup;
			children = (
				CB9877D61E1B7F2D009A6F2D /* Controller */,
				CB9877D71E1B7F2D009A6F2D /* Model */,
				CB9877D81E1B7F2D009A6F2D /* View */,
				CB9877D91E1B7F2D009A6F2D /* ViewModel */,
			);
			path = Mine;
			sourceTree = "<group>";
		};
		CB9877D61E1B7F2D009A6F2D /* Controller */ = {
			isa = PBXGroup;
			children = (
				CB9877E91E1B8264009A6F2D /* YYLMineViewController.swift */,
			);
			path = Controller;
			sourceTree = "<group>";
		};
		CB9877D71E1B7F2D009A6F2D /* Model */ = {
			isa = PBXGroup;
			children = (
			);
			path = Model;
			sourceTree = "<group>";
		};
		CB9877D81E1B7F2D009A6F2D /* View */ = {
			isa = PBXGroup;
			children = (
			);
			path = View;
			sourceTree = "<group>";
		};
		CB9877D91E1B7F2D009A6F2D /* ViewModel */ = {
			isa = PBXGroup;
			children = (
			);
			path = ViewModel;
			sourceTree = "<group>";
		};
		CB9877DA1E1B7F2D009A6F2D /* Video */ = {
			isa = PBXGroup;
			children = (
				CB9877DB1E1B7F2D009A6F2D /* Controller */,
				CB9877DC1E1B7F2D009A6F2D /* Model */,
				CB9877DD1E1B7F2D009A6F2D /* View */,
				CB9877DE1E1B7F2D009A6F2D /* ViewModel */,
			);
			path = Video;
			sourceTree = "<group>";
		};
		CB9877DB1E1B7F2D009A6F2D /* Controller */ = {
			isa = PBXGroup;
			children = (
				CB9877ED1E1B8293009A6F2D /* YYLVideoViewController.swift */,
			);
			path = Controller;
			sourceTree = "<group>";
		};
		CB9877DC1E1B7F2D009A6F2D /* Model */ = {
			isa = PBXGroup;
			children = (
			);
			path = Model;
			sourceTree = "<group>";
		};
		CB9877DD1E1B7F2D009A6F2D /* View */ = {
			isa = PBXGroup;
			children = (
			);
			path = View;
			sourceTree = "<group>";
		};
		CB9877DE1E1B7F2D009A6F2D /* ViewModel */ = {
			isa = PBXGroup;
			children = (
			);
			path = ViewModel;
			sourceTree = "<group>";
		};
		CB9877E01E1B8136009A6F2D /* Base */ = {
			isa = PBXGroup;
			children = (
				CB46110B1E1DDFBC00603C27 /* Category */,
				CB9877E41E1B81DB009A6F2D /* BaseController */,
				CB9877E51E1B81DB009A6F2D /* BaseNavgation */,
				CB9877E61E1B81DB009A6F2D /* BaseView */,
				CB9877E11E1B8136009A6F2D /* TabBar */,
			);
			path = Base;
			sourceTree = "<group>";
		};
		CB9877E11E1B8136009A6F2D /* TabBar */ = {
			isa = PBXGroup;
			children = (
				CB9877E21E1B8182009A6F2D /* YYLBaseBarController.swift */,
			);
			path = TabBar;
			sourceTree = "<group>";
		};
		CB9877E41E1B81DB009A6F2D /* BaseController */ = {
			isa = PBXGroup;
			children = (
				CB9877E71E1B81FE009A6F2D /* YYLViewController.swift */,
				CB9C66501E30C49F0038DD34 /* YYLCollectionView.swift */,
			);
			path = BaseController;
			sourceTree = "<group>";
		};
		CB9877E51E1B81DB009A6F2D /* BaseNavgation */ = {
			isa = PBXGroup;
			children = (
				CB9877F31E1B8D8E009A6F2D /* YYLNavigationViewController.swift */,
			);
			path = BaseNavgation;
			sourceTree = "<group>";
		};
		CB9877E61E1B81DB009A6F2D /* BaseView */ = {
			isa = PBXGroup;
			children = (
				CBD2B6A71E31AEBC00B17E76 /* YYLMenu */,
				CBB326941E2DB14D00DCECD4 /* YYLCustomCycleView */,
				CB9F079C1E26114A001B0E48 /* Cycle */,
				CBE0BEB21E24D13B007D0307 /* PageControls */,
				CB9F07AE1E26210A001B0E48 /* YYLPageCountView.swift */,
			);
			path = BaseView;
			sourceTree = "<group>";
		};
		CB9CBE081E3732C500783974 /* LivingClassfiyDetail */ = {
			isa = PBXGroup;
			children = (
				CB9CBE091E3732C500783974 /* Controller */,
				CB9CBE0A1E3732C500783974 /* Model */,
				CB9CBE0B1E3732C500783974 /* View */,
				CB9CBE0C1E3732C500783974 /* ViewModel */,
			);
			path = LivingClassfiyDetail;
			sourceTree = "<group>";
		};
		CB9CBE091E3732C500783974 /* Controller */ = {
			isa = PBXGroup;
			children = (
				CB9CBE0D1E3732EA00783974 /* YYLLivingClassfiyViewController.swift */,
			);
			path = Controller;
			sourceTree = "<group>";
		};
		CB9CBE0A1E3732C500783974 /* Model */ = {
			isa = PBXGroup;
			children = (
			);
			path = Model;
			sourceTree = "<group>";
		};
		CB9CBE0B1E3732C500783974 /* View */ = {
			isa = PBXGroup;
			children = (
				CB9252951E4D8DEA009562CD /* YYLLivingHeadView.swift */,
				CB9252971E4DAB1A009562CD /* YYLShowAllHeadView.swift */,
			);
			path = View;
			sourceTree = "<group>";
		};
		CB9CBE0C1E3732C500783974 /* ViewModel */ = {
			isa = PBXGroup;
			children = (
			);
			path = ViewModel;
			sourceTree = "<group>";
		};
		CB9F079C1E26114A001B0E48 /* Cycle */ = {
			isa = PBXGroup;
			children = (
				CB9F079D1E26114A001B0E48 /* LLCycleScrollView */,
				CB9F07A41E26114A001B0E48 /* LLCycleScrollView.bundle */,
			);
			path = Cycle;
			sourceTree = "<group>";
		};
		CB9F079D1E26114A001B0E48 /* LLCycleScrollView */ = {
			isa = PBXGroup;
			children = (
				CB9F079E1E26114A001B0E48 /* LLCycleScrollView.swift */,
				CB9F079F1E26114A001B0E48 /* LLCycleScrollViewCell.swift */,
				CB9F07A01E26114A001B0E48 /* LLFilledPageControl.swift */,
				CB9F07A11E26114A001B0E48 /* LLPillPageControl.swift */,
				CB9F07A21E26114A001B0E48 /* LLSnakePageControl.swift */,
				CB9F07A31E26114A001B0E48 /* LLViewExtensions.swift */,
			);
			path = LLCycleScrollView;
			sourceTree = "<group>";
		};
		CBB326941E2DB14D00DCECD4 /* YYLCustomCycleView */ = {
			isa = PBXGroup;
			children = (
				CBB326951E2DB14D00DCECD4 /* YYLCustomCycleView.swift */,
				CBB326971E2DB16600DCECD4 /* YYLCycleCollectionViewCell.swift */,
			);
			path = YYLCustomCycleView;
			sourceTree = "<group>";
		};
		CBD2B6A71E31AEBC00B17E76 /* YYLMenu */ = {
			isa = PBXGroup;
			children = (
				CBD2B6A81E31AEBC00B17E76 /* Controller */,
				CBD2B6AA1E31AEBC00B17E76 /* Model */,
				CBD2B6AB1E31AEBC00B17E76 /* View */,
				CBD2B6AC1E31AEBC00B17E76 /* ViewModel */,
			);
			path = YYLMenu;
			sourceTree = "<group>";
		};
		CBD2B6A81E31AEBC00B17E76 /* Controller */ = {
			isa = PBXGroup;
			children = (
				CBD2B6A91E31AEBC00B17E76 /* YYLMenuView.swift */,
			);
			path = Controller;
			sourceTree = "<group>";
		};
		CBD2B6AA1E31AEBC00B17E76 /* Model */ = {
			isa = PBXGroup;
			children = (
			);
			path = Model;
			sourceTree = "<group>";
		};
		CBD2B6AB1E31AEBC00B17E76 /* View */ = {
			isa = PBXGroup;
			children = (
				CBD2B6AE1E31AED600B17E76 /* YYLMenuTableViewCell.swift */,
			);
			path = View;
			sourceTree = "<group>";
		};
		CBD2B6AC1E31AEBC00B17E76 /* ViewModel */ = {
			isa = PBXGroup;
			children = (
			);
			path = ViewModel;
			sourceTree = "<group>";
		};
		CBE0BEB21E24D13B007D0307 /* PageControls */ = {
			isa = PBXGroup;
			children = (
				CBE0BEB31E24D13B007D0307 /* Classes */,
			);
			path = PageControls;
			sourceTree = "<group>";
		};
		CBE0BEB31E24D13B007D0307 /* Classes */ = {
			isa = PBXGroup;
			children = (
				CBE0BEB51E24D13B007D0307 /* FilledPageControl.swift */,
				CBE0BEB61E24D13B007D0307 /* PillPageControl.swift */,
				CBE0BEB71E24D13B007D0307 /* ScrollingPageControl.swift */,
				CBE0BEB81E24D13B007D0307 /* SnakePageControl.swift */,
			);
			path = Classes;
			sourceTree = "<group>";
		};
/* End PBXGroup section */

/* Begin PBXNativeTarget section */
		CB9877931E1B7D84009A6F2D /* DouYu */ = {
			isa = PBXNativeTarget;
			buildConfigurationList = CB9877BC1E1B7D84009A6F2D /* Build configuration list for PBXNativeTarget "DouYu" */;
			buildPhases = (
				F984990D0C1D6FA34AEE6F88 /* [CP] Check Pods Manifest.lock */,
				CB9877901E1B7D84009A6F2D /* Sources */,
				CB9877911E1B7D84009A6F2D /* Frameworks */,
				CB9877921E1B7D84009A6F2D /* Resources */,
				4426DD7C7EB086AABA15CC65 /* [CP] Embed Pods Frameworks */,
				44A9E50176B9012373D30423 /* [CP] Copy Pods Resources */,
			);
			buildRules = (
			);
			dependencies = (
			);
			name = DouYu;
			productName = DouYu;
			productReference = CB9877941E1B7D84009A6F2D /* DouYu.app */;
			productType = "com.apple.product-type.application";
		};
		CB9877A71E1B7D84009A6F2D /* DouYuTests */ = {
			isa = PBXNativeTarget;
			buildConfigurationList = CB9877BF1E1B7D84009A6F2D /* Build configuration list for PBXNativeTarget "DouYuTests" */;
			buildPhases = (
				CB9877A41E1B7D84009A6F2D /* Sources */,
				CB9877A51E1B7D84009A6F2D /* Frameworks */,
				CB9877A61E1B7D84009A6F2D /* Resources */,
			);
			buildRules = (
			);
			dependencies = (
				CB9877AA1E1B7D84009A6F2D /* PBXTargetDependency */,
			);
			name = DouYuTests;
			productName = DouYuTests;
			productReference = CB9877A81E1B7D84009A6F2D /* DouYuTests.xctest */;
			productType = "com.apple.product-type.bundle.unit-test";
		};
		CB9877B21E1B7D84009A6F2D /* DouYuUITests */ = {
			isa = PBXNativeTarget;
			buildConfigurationList = CB9877C21E1B7D84009A6F2D /* Build configuration list for PBXNativeTarget "DouYuUITests" */;
			buildPhases = (
				CB9877AF1E1B7D84009A6F2D /* Sources */,
				CB9877B01E1B7D84009A6F2D /* Frameworks */,
				CB9877B11E1B7D84009A6F2D /* Resources */,
			);
			buildRules = (
			);
			dependencies = (
				CB9877B51E1B7D84009A6F2D /* PBXTargetDependency */,
			);
			name = DouYuUITests;
			productName = DouYuUITests;
			productReference = CB9877B31E1B7D84009A6F2D /* DouYuUITests.xctest */;
			productType = "com.apple.product-type.bundle.ui-testing";
		};
/* End PBXNativeTarget section */

/* Begin PBXProject section */
		CB98778C1E1B7D84009A6F2D /* Project object */ = {
			isa = PBXProject;
			attributes = {
				CLASSPREFIX = YYL;
				LastSwiftUpdateCheck = 0820;
				LastUpgradeCheck = 0820;
				ORGANIZATIONNAME = "mac--yyl";
				TargetAttributes = {
					CB9877931E1B7D84009A6F2D = {
						CreatedOnToolsVersion = 8.2;
						DevelopmentTeam = ZDJS8T69H3;
						ProvisioningStyle = Automatic;
					};
					CB9877A71E1B7D84009A6F2D = {
						CreatedOnToolsVersion = 8.2;
						DevelopmentTeam = ZDJS8T69H3;
						ProvisioningStyle = Automatic;
						TestTargetID = CB9877931E1B7D84009A6F2D;
					};
					CB9877B21E1B7D84009A6F2D = {
						CreatedOnToolsVersion = 8.2;
						DevelopmentTeam = ZDJS8T69H3;
						ProvisioningStyle = Automatic;
						TestTargetID = CB9877931E1B7D84009A6F2D;
					};
				};
			};
			buildConfigurationList = CB98778F1E1B7D84009A6F2D /* Build configuration list for PBXProject "DouYu" */;
			compatibilityVersion = "Xcode 3.2";
			developmentRegion = English;
			hasScannedForEncodings = 0;
			knownRegions = (
				en,
				Base,
			);
			mainGroup = CB98778B1E1B7D84009A6F2D;
			productRefGroup = CB9877951E1B7D84009A6F2D /* Products */;
			projectDirPath = "";
			projectRoot = "";
			targets = (
				CB9877931E1B7D84009A6F2D /* DouYu */,
				CB9877A71E1B7D84009A6F2D /* DouYuTests */,
				CB9877B21E1B7D84009A6F2D /* DouYuUITests */,
			);
		};
/* End PBXProject section */

/* Begin PBXResourcesBuildPhase section */
		CB9877921E1B7D84009A6F2D /* Resources */ = {
			isa = PBXResourcesBuildPhase;
			buildActionMask = 2147483647;
			files = (
				CB9877A21E1B7D84009A6F2D /* LaunchScreen.storyboard in Resources */,
				CB98779F1E1B7D84009A6F2D /* Assets.xcassets in Resources */,
				CB9F07AB1E26114A001B0E48 /* LLCycleScrollView.bundle in Resources */,
				CB98779D1E1B7D84009A6F2D /* Main.storyboard in Resources */,
			);
			runOnlyForDeploymentPostprocessing = 0;
		};
		CB9877A61E1B7D84009A6F2D /* Resources */ = {
			isa = PBXResourcesBuildPhase;
			buildActionMask = 2147483647;
			files = (
			);
			runOnlyForDeploymentPostprocessing = 0;
		};
		CB9877B11E1B7D84009A6F2D /* Resources */ = {
			isa = PBXResourcesBuildPhase;
			buildActionMask = 2147483647;
			files = (
			);
			runOnlyForDeploymentPostprocessing = 0;
		};
/* End PBXResourcesBuildPhase section */

/* Begin PBXShellScriptBuildPhase section */
		4426DD7C7EB086AABA15CC65 /* [CP] Embed Pods Frameworks */ = {
			isa = PBXShellScriptBuildPhase;
			buildActionMask = 12;
			files = (
			);
			inputPaths = (
			);
			name = "[CP] Embed Pods Frameworks";
			outputPaths = (
			);
			runOnlyForDeploymentPostprocessing = 0;
			shellPath = /bin/sh;
			shellScript = "\"${SRCROOT}/Pods/Target Support Files/Pods-DouYu/Pods-DouYu-frameworks.sh\"\n";
			showEnvVarsInLog = 0;
		};
		44A9E50176B9012373D30423 /* [CP] Copy Pods Resources */ = {
			isa = PBXShellScriptBuildPhase;
			buildActionMask = 2147483647;
			files = (
			);
			inputPaths = (
			);
			name = "[CP] Copy Pods Resources";
			outputPaths = (
			);
			runOnlyForDeploymentPostprocessing = 0;
			shellPath = /bin/sh;
			shellScript = "\"${SRCROOT}/Pods/Target Support Files/Pods-DouYu/Pods-DouYu-resources.sh\"\n";
			showEnvVarsInLog = 0;
		};
		F984990D0C1D6FA34AEE6F88 /* [CP] Check Pods Manifest.lock */ = {
			isa = PBXShellScriptBuildPhase;
			buildActionMask = 2147483647;
			files = (
			);
			inputPaths = (
			);
			name = "[CP] Check Pods Manifest.lock";
			outputPaths = (
			);
			runOnlyForDeploymentPostprocessing = 0;
			shellPath = /bin/sh;
			shellScript = "diff \"${PODS_ROOT}/../Podfile.lock\" \"${PODS_ROOT}/Manifest.lock\" > /dev/null\nif [ $? != 0 ] ; then\n    # print error to STDERR\n    echo \"error: The sandbox is not in sync with the Podfile.lock. Run 'pod install' or update your CocoaPods installation.\" >&2\n    exit 1\nfi\n";
			showEnvVarsInLog = 0;
		};
/* End PBXShellScriptBuildPhase section */

/* Begin PBXSourcesBuildPhase section */
		CB9877901E1B7D84009A6F2D /* Sources */ = {
			isa = PBXSourcesBuildPhase;
			buildActionMask = 2147483647;
			files = (
				CBB326981E2DB16600DCECD4 /* YYLCycleCollectionViewCell.swift in Sources */,
				CB9F07A61E26114A001B0E48 /* LLCycleScrollViewCell.swift in Sources */,
				CB9CBE0E1E3732EA00783974 /* YYLLivingClassfiyViewController.swift in Sources */,
				CB9F07A81E26114A001B0E48 /* LLPillPageControl.swift in Sources */,
				CBD2B6AF1E31AED600B17E76 /* YYLMenuTableViewCell.swift in Sources */,
				CB9310B31E35DB7B00CC5D6F /* YYLHistorySubViewsViewController.swift in Sources */,
				CB9877EA1E1B8264009A6F2D /* YYLMineViewController.swift in Sources */,
				CBB326961E2DB14D00DCECD4 /* YYLCustomCycleView.swift in Sources */,
				CB9252981E4DAB1A009562CD /* YYLShowAllHeadView.swift in Sources */,
				CB9877981E1B7D84009A6F2D /* AppDelegate.swift in Sources */,
				CB9877F41E1B8D8E009A6F2D /* YYLNavigationViewController.swift in Sources */,
				CBD2B6AD1E31AEBC00B17E76 /* YYLMenuView.swift in Sources */,
				CB9F07A51E26114A001B0E48 /* LLCycleScrollView.swift in Sources */,
				CB9877E31E1B8182009A6F2D /* YYLBaseBarController.swift in Sources */,
				CBE0BEAD1E24C047007D0307 /* YYLCollectHeadView.swift in Sources */,
				CB9877EC1E1B8281009A6F2D /* YYLAttentionViewController.swift in Sources */,
				CB9877E81E1B81FE009A6F2D /* YYLViewController.swift in Sources */,
				CB9C66511E30C49F0038DD34 /* YYLCollectionView.swift in Sources */,
				CB9877F01E1B82A7009A6F2D /* YYLLivingViewController.swift in Sources */,
				CB2153EA1E1CDA2C006BAC1B /* YYLHomeCollectionViewCell.swift in Sources */,
				CB9F07AA1E26114A001B0E48 /* LLViewExtensions.swift in Sources */,
				CB2153F51E1CF993006BAC1B /* CAPSPageMenu.swift in Sources */,
				CBE0BEAB1E24B922007D0307 /* UIColor+hexColor.swift in Sources */,
				CBE0BEBB1E24D13B007D0307 /* PillPageControl.swift in Sources */,
				CB9877F21E1B82B7009A6F2D /* YYLHomeViewController.swift in Sources */,
				CB4611111E1DF57300603C27 /* YYLHomeClassfiyViewController.swift in Sources */,
				CBE0BEBA1E24D13B007D0307 /* FilledPageControl.swift in Sources */,
				CBE0BEBD1E24D13B007D0307 /* SnakePageControl.swift in Sources */,
				CB2995241E3094550028112B /* YYLHistoryViewController.swift in Sources */,
				CBE0BEBC1E24D13B007D0307 /* ScrollingPageControl.swift in Sources */,
				CB9F07A71E26114A001B0E48 /* LLFilledPageControl.swift in Sources */,
				CB9877EE1E1B8293009A6F2D /* YYLVideoViewController.swift in Sources */,
				CB9F07A91E26114A001B0E48 /* LLSnakePageControl.swift in Sources */,
				CB9252961E4D8DEA009562CD /* YYLLivingHeadView.swift in Sources */,
				CB9F07AF1E26210A001B0E48 /* YYLPageCountView.swift in Sources */,
				CB46110F1E1DE00F00603C27 /* UIView+Positioning.swift in Sources */,
				CBE0BEB11E24CB82007D0307 /* YYLClassifyHeadView.swift in Sources */,
				CBE811B21E2C60C100738F66 /* YYLClassifyCollectionViewCell.swift in Sources */,
				CB9877F61E1B9EB1009A6F2D /* DouYuTV.swift in Sources */,
				CBE0BEAF1E24CB60007D0307 /* YYLRecommedHeadView.swift in Sources */,
			);
			runOnlyForDeploymentPostprocessing = 0;
		};
		CB9877A41E1B7D84009A6F2D /* Sources */ = {
			isa = PBXSourcesBuildPhase;
			buildActionMask = 2147483647;
			files = (
				CB9877AD1E1B7D84009A6F2D /* DouYuTests.swift in Sources */,
			);
			runOnlyForDeploymentPostprocessing = 0;
		};
		CB9877AF1E1B7D84009A6F2D /* Sources */ = {
			isa = PBXSourcesBuildPhase;
			buildActionMask = 2147483647;
			files = (
				CB9877B81E1B7D84009A6F2D /* DouYuUITests.swift in Sources */,
			);
			runOnlyForDeploymentPostprocessing = 0;
		};
/* End PBXSourcesBuildPhase section */

/* Begin PBXTargetDependency section */
		CB9877AA1E1B7D84009A6F2D /* PBXTargetDependency */ = {
			isa = PBXTargetDependency;
			target = CB9877931E1B7D84009A6F2D /* DouYu */;
			targetProxy = CB9877A91E1B7D84009A6F2D /* PBXContainerItemProxy */;
		};
		CB9877B51E1B7D84009A6F2D /* PBXTargetDependency */ = {
			isa = PBXTargetDependency;
			target = CB9877931E1B7D84009A6F2D /* DouYu */;
			targetProxy = CB9877B41E1B7D84009A6F2D /* PBXContainerItemProxy */;
		};
/* End PBXTargetDependency section */

/* Begin PBXVariantGroup section */
		CB98779B1E1B7D84009A6F2D /* Main.storyboard */ = {
			isa = PBXVariantGroup;
			children = (
				CB98779C1E1B7D84009A6F2D /* Base */,
			);
			name = Main.storyboard;
			sourceTree = "<group>";
		};
		CB9877A01E1B7D84009A6F2D /* LaunchScreen.storyboard */ = {
			isa = PBXVariantGroup;
			children = (
				CB9877A11E1B7D84009A6F2D /* Base */,
			);
			name = LaunchScreen.storyboard;
			sourceTree = "<group>";
		};
/* End PBXVariantGroup section */

/* Begin XCBuildConfiguration section */
		CB9877BA1E1B7D84009A6F2D /* Debug */ = {
			isa = XCBuildConfiguration;
			buildSettings = {
				ALWAYS_SEARCH_USER_PATHS = NO;
				CLANG_ANALYZER_NONNULL = YES;
				CLANG_CXX_LANGUAGE_STANDARD = "gnu++0x";
				CLANG_CXX_LIBRARY = "libc++";
				CLANG_ENABLE_MODULES = YES;
				CLANG_ENABLE_OBJC_ARC = YES;
				CLANG_WARN_BOOL_CONVERSION = YES;
				CLANG_WARN_CONSTANT_CONVERSION = YES;
				CLANG_WARN_DIRECT_OBJC_ISA_USAGE = YES_ERROR;
				CLANG_WARN_DOCUMENTATION_COMMENTS = YES;
				CLANG_WARN_EMPTY_BODY = YES;
				CLANG_WARN_ENUM_CONVERSION = YES;
				CLANG_WARN_INFINITE_RECURSION = YES;
				CLANG_WARN_INT_CONVERSION = YES;
				CLANG_WARN_OBJC_ROOT_CLASS = YES_ERROR;
				CLANG_WARN_SUSPICIOUS_MOVE = YES;
				CLANG_WARN_UNREACHABLE_CODE = YES;
				CLANG_WARN__DUPLICATE_METHOD_MATCH = YES;
				"CODE_SIGN_IDENTITY[sdk=iphoneos*]" = "iPhone Developer";
				COPY_PHASE_STRIP = NO;
				DEBUG_INFORMATION_FORMAT = dwarf;
				ENABLE_STRICT_OBJC_MSGSEND = YES;
				ENABLE_TESTABILITY = YES;
				GCC_C_LANGUAGE_STANDARD = gnu99;
				GCC_DYNAMIC_NO_PIC = NO;
				GCC_NO_COMMON_BLOCKS = YES;
				GCC_OPTIMIZATION_LEVEL = 0;
				GCC_PREPROCESSOR_DEFINITIONS = (
					"DEBUG=1",
					"$(inherited)",
				);
				GCC_WARN_64_TO_32_BIT_CONVERSION = YES;
				GCC_WARN_ABOUT_RETURN_TYPE = YES_ERROR;
				GCC_WARN_UNDECLARED_SELECTOR = YES;
				GCC_WARN_UNINITIALIZED_AUTOS = YES_AGGRESSIVE;
				GCC_WARN_UNUSED_FUNCTION = YES;
				GCC_WARN_UNUSED_VARIABLE = YES;
				IPHONEOS_DEPLOYMENT_TARGET = 10.2;
				MTL_ENABLE_DEBUG_INFO = YES;
				ONLY_ACTIVE_ARCH = YES;
				SDKROOT = iphoneos;
				SWIFT_ACTIVE_COMPILATION_CONDITIONS = DEBUG;
				SWIFT_OPTIMIZATION_LEVEL = "-Onone";
			};
			name = Debug;
		};
		CB9877BB1E1B7D84009A6F2D /* Release */ = {
			isa = XCBuildConfiguration;
			buildSettings = {
				ALWAYS_SEARCH_USER_PATHS = NO;
				CLANG_ANALYZER_NONNULL = YES;
				CLANG_CXX_LANGUAGE_STANDARD = "gnu++0x";
				CLANG_CXX_LIBRARY = "libc++";
				CLANG_ENABLE_MODULES = YES;
				CLANG_ENABLE_OBJC_ARC = YES;
				CLANG_WARN_BOOL_CONVERSION = YES;
				CLANG_WARN_CONSTANT_CONVERSION = YES;
				CLANG_WARN_DIRECT_OBJC_ISA_USAGE = YES_ERROR;
				CLANG_WARN_DOCUMENTATION_COMMENTS = YES;
				CLANG_WARN_EMPTY_BODY = YES;
				CLANG_WARN_ENUM_CONVERSION = YES;
				CLANG_WARN_INFINITE_RECURSION = YES;
				CLANG_WARN_INT_CONVERSION = YES;
				CLANG_WARN_OBJC_ROOT_CLASS = YES_ERROR;
				CLANG_WARN_SUSPICIOUS_MOVE = YES;
				CLANG_WARN_UNREACHABLE_CODE = YES;
				CLANG_WARN__DUPLICATE_METHOD_MATCH = YES;
				"CODE_SIGN_IDENTITY[sdk=iphoneos*]" = "iPhone Developer";
				COPY_PHASE_STRIP = NO;
				DEBUG_INFORMATION_FORMAT = "dwarf-with-dsym";
				ENABLE_NS_ASSERTIONS = NO;
				ENABLE_STRICT_OBJC_MSGSEND = YES;
				GCC_C_LANGUAGE_STANDARD = gnu99;
				GCC_NO_COMMON_BLOCKS = YES;
				GCC_WARN_64_TO_32_BIT_CONVERSION = YES;
				GCC_WARN_ABOUT_RETURN_TYPE = YES_ERROR;
				GCC_WARN_UNDECLARED_SELECTOR = YES;
				GCC_WARN_UNINITIALIZED_AUTOS = YES_AGGRESSIVE;
				GCC_WARN_UNUSED_FUNCTION = YES;
				GCC_WARN_UNUSED_VARIABLE = YES;
				IPHONEOS_DEPLOYMENT_TARGET = 10.2;
				MTL_ENABLE_DEBUG_INFO = NO;
				SDKROOT = iphoneos;
				SWIFT_OPTIMIZATION_LEVEL = "-Owholemodule";
				VALIDATE_PRODUCT = YES;
			};
			name = Release;
		};
		CB9877BD1E1B7D84009A6F2D /* Debug */ = {
			isa = XCBuildConfiguration;
			baseConfigurationReference = ABCF0488FA6FE6D1E5BE4211 /* Pods-DouYu.debug.xcconfig */;
			buildSettings = {
				ASSETCATALOG_COMPILER_APPICON_NAME = AppIcon;
				"CODE_SIGN_IDENTITY[sdk=iphoneos*]" = "iPhone Developer";
				DEVELOPMENT_TEAM = ZDJS8T69H3;
				INFOPLIST_FILE = DouYu/Info.plist;
				IPHONEOS_DEPLOYMENT_TARGET = 8.0;
				LD_RUNPATH_SEARCH_PATHS = "$(inherited) @executable_path/Frameworks";
				PRODUCT_BUNDLE_IDENTIFIER = cn.shopexYYl.douyu;
				PRODUCT_NAME = "$(TARGET_NAME)";
				SWIFT_OBJC_BRIDGING_HEADER = "$(SRCROOT)/DouYu/Bridging.h";
				SWIFT_VERSION = 3.0;
				USER_HEADER_SEARCH_PATHS = "\"$(SRCROOT)/Pods/PageMenu/Classes/CAPSPageMenu.swift\"";
			};
			name = Debug;
		};
		CB9877BE1E1B7D84009A6F2D /* Release */ = {
			isa = XCBuildConfiguration;
			baseConfigurationReference = 5458C0A29139A9A796B3483B /* Pods-DouYu.release.xcconfig */;
			buildSettings = {
				ASSETCATALOG_COMPILER_APPICON_NAME = AppIcon;
				"CODE_SIGN_IDENTITY[sdk=iphoneos*]" = "iPhone Developer";
				DEVELOPMENT_TEAM = ZDJS8T69H3;
				INFOPLIST_FILE = DouYu/Info.plist;
				IPHONEOS_DEPLOYMENT_TARGET = 8.0;
				LD_RUNPATH_SEARCH_PATHS = "$(inherited) @executable_path/Frameworks";
				PRODUCT_BUNDLE_IDENTIFIER = cn.shopexYYl.douyu;
				PRODUCT_NAME = "$(TARGET_NAME)";
				SWIFT_OBJC_BRIDGING_HEADER = "$(SRCROOT)/DouYu/Bridging.h";
				SWIFT_VERSION = 3.0;
				USER_HEADER_SEARCH_PATHS = "\"$(SRCROOT)/Pods/PageMenu/Classes/CAPSPageMenu.swift\"";
			};
			name = Release;
		};
		CB9877C01E1B7D84009A6F2D /* Debug */ = {
			isa = XCBuildConfiguration;
			buildSettings = {
				ALWAYS_EMBED_SWIFT_STANDARD_LIBRARIES = YES;
				BUNDLE_LOADER = "$(TEST_HOST)";
				DEVELOPMENT_TEAM = ZDJS8T69H3;
				INFOPLIST_FILE = DouYuTests/Info.plist;
				LD_RUNPATH_SEARCH_PATHS = "$(inherited) @executable_path/Frameworks @loader_path/Frameworks";
				PRODUCT_BUNDLE_IDENTIFIER = adsds.DouYuTests;
				PRODUCT_NAME = "$(TARGET_NAME)";
				SWIFT_VERSION = 3.0;
				TEST_HOST = "$(BUILT_PRODUCTS_DIR)/DouYu.app/DouYu";
			};
			name = Debug;
		};
		CB9877C11E1B7D84009A6F2D /* Release */ = {
			isa = XCBuildConfiguration;
			buildSettings = {
				ALWAYS_EMBED_SWIFT_STANDARD_LIBRARIES = YES;
				BUNDLE_LOADER = "$(TEST_HOST)";
				DEVELOPMENT_TEAM = ZDJS8T69H3;
				INFOPLIST_FILE = DouYuTests/Info.plist;
				LD_RUNPATH_SEARCH_PATHS = "$(inherited) @executable_path/Frameworks @loader_path/Frameworks";
				PRODUCT_BUNDLE_IDENTIFIER = adsds.DouYuTests;
				PRODUCT_NAME = "$(TARGET_NAME)";
				SWIFT_VERSION = 3.0;
				TEST_HOST = "$(BUILT_PRODUCTS_DIR)/DouYu.app/DouYu";
			};
			name = Release;
		};
		CB9877C31E1B7D84009A6F2D /* Debug */ = {
			isa = XCBuildConfiguration;
			buildSettings = {
				ALWAYS_EMBED_SWIFT_STANDARD_LIBRARIES = YES;
				DEVELOPMENT_TEAM = ZDJS8T69H3;
				INFOPLIST_FILE = DouYuUITests/Info.plist;
				LD_RUNPATH_SEARCH_PATHS = "$(inherited) @executable_path/Frameworks @loader_path/Frameworks";
				PRODUCT_BUNDLE_IDENTIFIER = adsds.DouYuUITests;
				PRODUCT_NAME = "$(TARGET_NAME)";
				SWIFT_VERSION = 3.0;
				TEST_TARGET_NAME = DouYu;
			};
			name = Debug;
		};
		CB9877C41E1B7D84009A6F2D /* Release */ = {
			isa = XCBuildConfiguration;
			buildSettings = {
				ALWAYS_EMBED_SWIFT_STANDARD_LIBRARIES = YES;
				DEVELOPMENT_TEAM = ZDJS8T69H3;
				INFOPLIST_FILE = DouYuUITests/Info.plist;
				LD_RUNPATH_SEARCH_PATHS = "$(inherited) @executable_path/Frameworks @loader_path/Frameworks";
				PRODUCT_BUNDLE_IDENTIFIER = adsds.DouYuUITests;
				PRODUCT_NAME = "$(TARGET_NAME)";
				SWIFT_VERSION = 3.0;
				TEST_TARGET_NAME = DouYu;
			};
			name = Release;
		};
/* End XCBuildConfiguration section */

/* Begin XCConfigurationList section */
		CB98778F1E1B7D84009A6F2D /* Build configuration list for PBXProject "DouYu" */ = {
			isa = XCConfigurationList;
			buildConfigurations = (
				CB9877BA1E1B7D84009A6F2D /* Debug */,
				CB9877BB1E1B7D84009A6F2D /* Release */,
			);
			defaultConfigurationIsVisible = 0;
			defaultConfigurationName = Release;
		};
		CB9877BC1E1B7D84009A6F2D /* Build configuration list for PBXNativeTarget "DouYu" */ = {
			isa = XCConfigurationList;
			buildConfigurations = (
				CB9877BD1E1B7D84009A6F2D /* Debug */,
				CB9877BE1E1B7D84009A6F2D /* Release */,
			);
			defaultConfigurationIsVisible = 0;
			defaultConfigurationName = Release;
		};
		CB9877BF1E1B7D84009A6F2D /* Build configuration list for PBXNativeTarget "DouYuTests" */ = {
			isa = XCConfigurationList;
			buildConfigurations = (
				CB9877C01E1B7D84009A6F2D /* Debug */,
				CB9877C11E1B7D84009A6F2D /* Release */,
			);
			defaultConfigurationIsVisible = 0;
			defaultConfigurationName = Release;
		};
		CB9877C21E1B7D84009A6F2D /* Build configuration list for PBXNativeTarget "DouYuUITests" */ = {
			isa = XCConfigurationList;
			buildConfigurations = (
				CB9877C31E1B7D84009A6F2D /* Debug */,
				CB9877C41E1B7D84009A6F2D /* Release */,
			);
			defaultConfigurationIsVisible = 0;
			defaultConfigurationName = Release;
		};
/* End XCConfigurationList section */
	};
	rootObject = CB98778C1E1B7D84009A6F2D /* Project object */;
}
